
Microsoft Visual Studio Solution File, Format Version 12.00
# Visual Studio Version 17
VisualStudioVersion = 17.9.34607.119
MinimumVisualStudioVersion = 10.0.40219.1
Project("{FAE04EC0-301F-11D3-BF4B-00C04F79EFBC}") = "DesafioLeituraDeLogs", "DesafioLeituraDeLogs.csproj", "{3E479D23-407E-4C5A-9621-B1BC38CF25E7}"
EndProject
Global
	GlobalSection(SolutionConfigurationPlatforms) = preSolution
		Debug|Any CPU = Debug|Any CPU
		Release|Any CPU = Release|Any CPU
	EndGlobalSection
	GlobalSection(ProjectConfigurationPlatforms) = postSolution
		{3E479D23-407E-4C5A-9621-B1BC38CF25E7}.Debug|Any CPU.ActiveCfg = Debug|Any CPU
		{3E479D23-407E-4C5A-9621-B1BC38CF25E7}.Debug|Any CPU.Build.0 = Debug|Any CPU
		{3E479D23-407E-4C5A-9621-B1BC38CF25E7}.Release|Any CPU.ActiveCfg = Release|Any CPU
		{3E479D23-407E-4C5A-9621-B1BC38CF25E7}.Release|Any CPU.Build.0 = Release|Any CPU
	EndGlobalSection
	GlobalSection(SolutionProperties) = preSolution
		HideSolutionNode = FALSE
	EndGlobalSection
	GlobalSection(ExtensibilityGlobals) = postSolution
		SolutionGuid = {081CA293-29F7-4B7C-992D-5EB0336E0019}
	EndGlobalSection
EndGlobal
